// !$*UTF8*$!
{
	archiveVersion = 1;
	classes = {
	};
	objectVersion = 46;
	objects = {

/* Begin PBXBuildFile section */
		8402BBAD1857556B006036BD /* Foundation.framework in Frameworks */ = {isa = PBXBuildFile; fileRef = 8402BBAC1857556B006036BD /* Foundation.framework */; };
		8402BBAF1857556B006036BD /* CoreGraphics.framework in Frameworks */ = {isa = PBXBuildFile; fileRef = 8402BBAE1857556B006036BD /* CoreGraphics.framework */; };
		8402BBB11857556B006036BD /* UIKit.framework in Frameworks */ = {isa = PBXBuildFile; fileRef = 8402BBB01857556B006036BD /* UIKit.framework */; };
		8402BBB71857556B006036BD /* InfoPlist.strings in Resources */ = {isa = PBXBuildFile; fileRef = 8402BBB51857556B006036BD /* InfoPlist.strings */; };
		8402BBB91857556B006036BD /* main.m in Sources */ = {isa = PBXBuildFile; fileRef = 8402BBB81857556B006036BD /* main.m */; };
		8402BBBD1857556B006036BD /* BDAppDelegate.m in Sources */ = {isa = PBXBuildFile; fileRef = 8402BBBC1857556B006036BD /* BDAppDelegate.m */; };
		8402BBBF1857556B006036BD /* Images.xcassets in Resources */ = {isa = PBXBuildFile; fileRef = 8402BBBE1857556B006036BD /* Images.xcassets */; };
		8402BBC61857556B006036BD /* XCTest.framework in Frameworks */ = {isa = PBXBuildFile; fileRef = 8402BBC51857556B006036BD /* XCTest.framework */; };
		8402BBC71857556B006036BD /* Foundation.framework in Frameworks */ = {isa = PBXBuildFile; fileRef = 8402BBAC1857556B006036BD /* Foundation.framework */; };
		8402BBC81857556B006036BD /* UIKit.framework in Frameworks */ = {isa = PBXBuildFile; fileRef = 8402BBB01857556B006036BD /* UIKit.framework */; };
		8402BBD01857556B006036BD /* InfoPlist.strings in Resources */ = {isa = PBXBuildFile; fileRef = 8402BBCE1857556B006036BD /* InfoPlist.strings */; };
		8402BBD21857556B006036BD /* WhereAmI_UISegmentControlTests.m in Sources */ = {isa = PBXBuildFile; fileRef = 8402BBD11857556B006036BD /* WhereAmI_UISegmentControlTests.m */; };
		8402BBDC18575593006036BD /* CoreLocation.framework in Frameworks */ = {isa = PBXBuildFile; fileRef = 8402BBDB18575593006036BD /* CoreLocation.framework */; };
		8402BBDE18575599006036BD /* MapKit.framework in Frameworks */ = {isa = PBXBuildFile; fileRef = 8402BBDD18575599006036BD /* MapKit.framework */; };
		8402BBE718575773006036BD /* WorkWindowViewController.m in Sources */ = {isa = PBXBuildFile; fileRef = 8402BBE518575773006036BD /* WorkWindowViewController.m */; };
		8402BBE818575773006036BD /* WorkWindowViewController.m in Sources */ = {isa = PBXBuildFile; fileRef = 8402BBE518575773006036BD /* WorkWindowViewController.m */; };
		8402BBE918575773006036BD /* WorkWindowViewController.xib in Resources */ = {isa = PBXBuildFile; fileRef = 8402BBE618575773006036BD /* WorkWindowViewController.xib */; };
		8402BBEA18575773006036BD /* WorkWindowViewController.xib in Resources */ = {isa = PBXBuildFile; fileRef = 8402BBE618575773006036BD /* WorkWindowViewController.xib */; };
		8402BBF118577A25006036BD /* Map1ViewController.m in Sources */ = {isa = PBXBuildFile; fileRef = 8402BBEF18577A25006036BD /* Map1ViewController.m */; };
		8402BBF218577A25006036BD /* Map1ViewController.m in Sources */ = {isa = PBXBuildFile; fileRef = 8402BBEF18577A25006036BD /* Map1ViewController.m */; };
		8402BBF318577A25006036BD /* Map1ViewController.xib in Resources */ = {isa = PBXBuildFile; fileRef = 8402BBF018577A25006036BD /* Map1ViewController.xib */; };
		8402BBF418577A25006036BD /* Map1ViewController.xib in Resources */ = {isa = PBXBuildFile; fileRef = 8402BBF018577A25006036BD /* Map1ViewController.xib */; };
		8402BBF718578228006036BD /* MapPoint.m in Sources */ = {isa = PBXBuildFile; fileRef = 8402BBF618578228006036BD /* MapPoint.m */; };
		8402BBF818578228006036BD /* MapPoint.m in Sources */ = {isa = PBXBuildFile; fileRef = 8402BBF618578228006036BD /* MapPoint.m */; };
/* End PBXBuildFile section */

/* Begin PBXContainerItemProxy section */
		8402BBC91857556B006036BD /* PBXContainerItemProxy */ = {
			isa = PBXContainerItemProxy;
			containerPortal = 8402BBA11857556B006036BD /* Project object */;
			proxyType = 1;
			remoteGlobalIDString = 8402BBA81857556B006036BD;
			remoteInfo = "WhereAmI+UISegmentControl";
		};
/* End PBXContainerItemProxy section */

/* Begin PBXFileReference section */
		8402BBA91857556B006036BD /* WhereAmI+UISegmentControl.app */ = {isa = PBXFileReference; explicitFileType = wrapper.application; includeInIndex = 0; path = "WhereAmI+UISegmentControl.app"; sourceTree = BUILT_PRODUCTS_DIR; };
		8402BBAC1857556B006036BD /* Foundation.framework */ = {isa = PBXFileReference; lastKnownFileType = wrapper.framework; name = Foundation.framework; path = System/Library/Frameworks/Foundation.framework; sourceTree = SDKROOT; };
		8402BBAE1857556B006036BD /* CoreGraphics.framework */ = {isa = PBXFileReference; lastKnownFileType = wrapper.framework; name = CoreGraphics.framework; path = System/Library/Frameworks/CoreGraphics.framework; sourceTree = SDKROOT; };
		8402BBB01857556B006036BD /* UIKit.framework */ = {isa = PBXFileReference; lastKnownFileType = wrapper.framework; name = UIKit.framework; path = System/Library/Frameworks/UIKit.framework; sourceTree = SDKROOT; };
		8402BBB41857556B006036BD /* WhereAmI+UISegmentControl-Info.plist */ = {isa = PBXFileReference; lastKnownFileType = text.plist.xml; path = "WhereAmI+UISegmentControl-Info.plist"; sourceTree = "<group>"; };
		8402BBB61857556B006036BD /* en */ = {isa = PBXFileReference; lastKnownFileType = text.plist.strings; name = en; path = en.lproj/InfoPlist.strings; sourceTree = "<group>"; };
		8402BBB81857556B006036BD /* main.m */ = {isa = PBXFileReference; lastKnownFileType = sourcecode.c.objc; path = main.m; sourceTree = "<group>"; };
		8402BBBA1857556B006036BD /* WhereAmI+UISegmentControl-Prefix.pch */ = {isa = PBXFileReference; lastKnownFileType = sourcecode.c.h; path = "WhereAmI+UISegmentControl-Prefix.pch"; sourceTree = "<group>"; };
		8402BBBB1857556B006036BD /* BDAppDelegate.h */ = {isa = PBXFileReference; lastKnownFileType = sourcecode.c.h; path = BDAppDelegate.h; sourceTree = "<group>"; };
		8402BBBC1857556B006036BD /* BDAppDelegate.m */ = {isa = PBXFileReference; lastKnownFileType = sourcecode.c.objc; path = BDAppDelegate.m; sourceTree = "<group>"; };
		8402BBBE1857556B006036BD /* Images.xcassets */ = {isa = PBXFileReference; lastKnownFileType = folder.assetcatalog; path = Images.xcassets; sourceTree = "<group>"; };
		8402BBC41857556B006036BD /* WhereAmI+UISegmentControlTests.xctest */ = {isa = PBXFileReference; explicitFileType = wrapper.cfbundle; includeInIndex = 0; path = "WhereAmI+UISegmentControlTests.xctest"; sourceTree = BUILT_PRODUCTS_DIR; };
		8402BBC51857556B006036BD /* XCTest.framework */ = {isa = PBXFileReference; lastKnownFileType = wrapper.framework; name = XCTest.framework; path = Library/Frameworks/XCTest.framework; sourceTree = DEVELOPER_DIR; };
		8402BBCD1857556B006036BD /* WhereAmI+UISegmentControlTests-Info.plist */ = {isa = PBXFileReference; lastKnownFileType = text.plist.xml; path = "WhereAmI+UISegmentControlTests-Info.plist"; sourceTree = "<group>"; };
		8402BBCF1857556B006036BD /* en */ = {isa = PBXFileReference; lastKnownFileType = text.plist.strings; name = en; path = en.lproj/InfoPlist.strings; sourceTree = "<group>"; };
		8402BBD11857556B006036BD /* WhereAmI_UISegmentControlTests.m */ = {isa = PBXFileReference; lastKnownFileType = sourcecode.c.objc; path = WhereAmI_UISegmentControlTests.m; sourceTree = "<group>"; };
		8402BBDB18575593006036BD /* CoreLocation.framework */ = {isa = PBXFileReference; lastKnownFileType = wrapper.framework; name = CoreLocation.framework; path = System/Library/Frameworks/CoreLocation.framework; sourceTree = SDKROOT; };
		8402BBDD18575599006036BD /* MapKit.framework */ = {isa = PBXFileReference; lastKnownFileType = wrapper.framework; name = MapKit.framework; path = System/Library/Frameworks/MapKit.framework; sourceTree = SDKROOT; };
		8402BBE418575773006036BD /* WorkWindowViewController.h */ = {isa = PBXFileReference; fileEncoding = 4; lastKnownFileType = sourcecode.c.h; name = WorkWindowViewController.h; path = ../WorkWindowViewController.h; sourceTree = "<group>"; };
		8402BBE518575773006036BD /* WorkWindowViewController.m */ = {isa = PBXFileReference; fileEncoding = 4; lastKnownFileType = sourcecode.c.objc; name = WorkWindowViewController.m; path = ../WorkWindowViewController.m; sourceTree = "<group>"; };
		8402BBE618575773006036BD /* WorkWindowViewController.xib */ = {isa = PBXFileReference; fileEncoding = 4; lastKnownFileType = file.xib; name = WorkWindowViewController.xib; path = ../WorkWindowViewController.xib; sourceTree = "<group>"; };
		8402BBEE18577A25006036BD /* Map1ViewController.h */ = {isa = PBXFileReference; fileEncoding = 4; lastKnownFileType = sourcecode.c.h; name = Map1ViewController.h; path = ../Map1ViewController.h; sourceTree = "<group>"; };
		8402BBEF18577A25006036BD /* Map1ViewController.m */ = {isa = PBXFileReference; fileEncoding = 4; lastKnownFileType = sourcecode.c.objc; name = Map1ViewController.m; path = ../Map1ViewController.m; sourceTree = "<group>"; };
		8402BBF018577A25006036BD /* Map1ViewController.xib */ = {isa = PBXFileReference; fileEncoding = 4; lastKnownFileType = file.xib; name = Map1ViewController.xib; path = ../Map1ViewController.xib; sourceTree = "<group>"; };
		8402BBF518578228006036BD /* MapPoint.h */ = {isa = PBXFileReference; fileEncoding = 4; lastKnownFileType = sourcecode.c.h; path = MapPoint.h; sourceTree = "<group>"; };
		8402BBF618578228006036BD /* MapPoint.m */ = {isa = PBXFileReference; fileEncoding = 4; lastKnownFileType = sourcecode.c.objc; path = MapPoint.m; sourceTree = "<group>"; };
/* End PBXFileReference section */

/* Begin PBXFrameworksBuildPhase section */
		8402BBA61857556B006036BD /* Frameworks */ = {
			isa = PBXFrameworksBuildPhase;
			buildActionMask = 2147483647;
			files = (
				8402BBDE18575599006036BD /* MapKit.framework in Frameworks */,
				8402BBDC18575593006036BD /* CoreLocation.framework in Frameworks */,
				8402BBAF1857556B006036BD /* CoreGraphics.framework in Frameworks */,
				8402BBB11857556B006036BD /* UIKit.framework in Frameworks */,
				8402BBAD1857556B006036BD /* Foundation.framework in Frameworks */,
			);
			runOnlyForDeploymentPostprocessing = 0;
		};
		8402BBC11857556B006036BD /* Frameworks */ = {
			isa = PBXFrameworksBuildPhase;
			buildActionMask = 2147483647;
			files = (
				8402BBC61857556B006036BD /* XCTest.framework in Frameworks */,
				8402BBC81857556B006036BD /* UIKit.framework in Frameworks */,
				8402BBC71857556B006036BD /* Foundation.framework in Frameworks */,
			);
			runOnlyForDeploymentPostprocessing = 0;
		};
/* End PBXFrameworksBuildPhase section */

/* Begin PBXGroup section */
		8402BBA01857556B006036BD = {
			isa = PBXGroup;
			children = (
				8402BBB21857556B006036BD /* WhereAmI+UISegmentControl */,
				8402BBCB1857556B006036BD /* WhereAmI+UISegmentControlTests */,
				8402BBAB1857556B006036BD /* Frameworks */,
				8402BBAA1857556B006036BD /* Products */,
			);
			sourceTree = "<group>";
		};
		8402BBAA1857556B006036BD /* Products */ = {
			isa = PBXGroup;
			children = (
				8402BBA91857556B006036BD /* WhereAmI+UISegmentControl.app */,
				8402BBC41857556B006036BD /* WhereAmI+UISegmentControlTests.xctest */,
			);
			name = Products;
			sourceTree = "<group>";
		};
		8402BBAB1857556B006036BD /* Frameworks */ = {
			isa = PBXGroup;
			children = (
				8402BBDD18575599006036BD /* MapKit.framework */,
				8402BBDB18575593006036BD /* CoreLocation.framework */,
				8402BBAC1857556B006036BD /* Foundation.framework */,
				8402BBAE1857556B006036BD /* CoreGraphics.framework */,
				8402BBB01857556B006036BD /* UIKit.framework */,
				8402BBC51857556B006036BD /* XCTest.framework */,
			);
			name = Frameworks;
			sourceTree = "<group>";
		};
		8402BBB21857556B006036BD /* WhereAmI+UISegmentControl */ = {
			isa = PBXGroup;
			children = (
				8402BBBB1857556B006036BD /* BDAppDelegate.h */,
				8402BBBC1857556B006036BD /* BDAppDelegate.m */,
				8402BBEE18577A25006036BD /* Map1ViewController.h */,
				8402BBEF18577A25006036BD /* Map1ViewController.m */,
				8402BBF518578228006036BD /* MapPoint.h */,
				8402BBF618578228006036BD /* MapPoint.m */,
				8402BBF018577A25006036BD /* Map1ViewController.xib */,
				8402BBE418575773006036BD /* WorkWindowViewController.h */,
				8402BBE518575773006036BD /* WorkWindowViewController.m */,
				8402BBE618575773006036BD /* WorkWindowViewController.xib */,
				8402BBBE1857556B006036BD /* Images.xcassets */,
				8402BBB31857556B006036BD /* Supporting Files */,
			);
			path = "WhereAmI+UISegmentControl";
			sourceTree = "<group>";
		};
		8402BBB31857556B006036BD /* Supporting Files */ = {
			isa = PBXGroup;
			children = (
				8402BBB41857556B006036BD /* WhereAmI+UISegmentControl-Info.plist */,
				8402BBB51857556B006036BD /* InfoPlist.strings */,
				8402BBB81857556B006036BD /* main.m */,
				8402BBBA1857556B006036BD /* WhereAmI+UISegmentControl-Prefix.pch */,
			);
			name = "Supporting Files";
			sourceTree = "<group>";
		};
		8402BBCB1857556B006036BD /* WhereAmI+UISegmentControlTests */ = {
			isa = PBXGroup;
			children = (
				8402BBD11857556B006036BD /* WhereAmI_UISegmentControlTests.m */,
				8402BBCC1857556B006036BD /* Supporting Files */,
			);
			path = "WhereAmI+UISegmentControlTests";
			sourceTree = "<group>";
		};
		8402BBCC1857556B006036BD /* Supporting Files */ = {
			isa = PBXGroup;
			children = (
				8402BBCD1857556B006036BD /* WhereAmI+UISegmentControlTests-Info.plist */,
				8402BBCE1857556B006036BD /* InfoPlist.strings */,
			);
			name = "Supporting Files";
			sourceTree = "<group>";
		};
/* End PBXGroup section */

/* Begin PBXNativeTarget section */
		8402BBA81857556B006036BD /* WhereAmI+UISegmentControl */ = {
			isa = PBXNativeTarget;
			buildConfigurationList = 8402BBD51857556B006036BD /* Build configuration list for PBXNativeTarget "WhereAmI+UISegmentControl" */;
			buildPhases = (
				8402BBA51857556B006036BD /* Sources */,
				8402BBA61857556B006036BD /* Frameworks */,
				8402BBA71857556B006036BD /* Resources */,
			);
			buildRules = (
			);
			dependencies = (
			);
			name = "WhereAmI+UISegmentControl";
			productName = "WhereAmI+UISegmentControl";
			productReference = 8402BBA91857556B006036BD /* WhereAmI+UISegmentControl.app */;
			productType = "com.apple.product-type.application";
		};
		8402BBC31857556B006036BD /* WhereAmI+UISegmentControlTests */ = {
			isa = PBXNativeTarget;
			buildConfigurationList = 8402BBD81857556B006036BD /* Build configuration list for PBXNativeTarget "WhereAmI+UISegmentControlTests" */;
			buildPhases = (
				8402BBC01857556B006036BD /* Sources */,
				8402BBC11857556B006036BD /* Frameworks */,
				8402BBC21857556B006036BD /* Resources */,
			);
			buildRules = (
			);
			dependencies = (
				8402BBCA1857556B006036BD /* PBXTargetDependency */,
			);
			name = "WhereAmI+UISegmentControlTests";
			productName = "WhereAmI+UISegmentControlTests";
			productReference = 8402BBC41857556B006036BD /* WhereAmI+UISegmentControlTests.xctest */;
			productType = "com.apple.product-type.bundle.unit-test";
		};
/* End PBXNativeTarget section */

/* Begin PBXProject section */
		8402BBA11857556B006036BD /* Project object */ = {
			isa = PBXProject;
			attributes = {
				CLASSPREFIX = BD;
				LastUpgradeCheck = 0500;
				ORGANIZATIONNAME = admin;
				TargetAttributes = {
					8402BBC31857556B006036BD = {
						TestTargetID = 8402BBA81857556B006036BD;
					};
				};
			};
			buildConfigurationList = 8402BBA41857556B006036BD /* Build configuration list for PBXProject "WhereAmI+UISegmentControl" */;
			compatibilityVersion = "Xcode 3.2";
			developmentRegion = English;
			hasScannedForEncodings = 0;
			knownRegions = (
				en,
			);
			mainGroup = 8402BBA01857556B006036BD;
			productRefGroup = 8402BBAA1857556B006036BD /* Products */;
			projectDirPath = "";
			projectRoot = "";
			targets = (
				8402BBA81857556B006036BD /* WhereAmI+UISegmentControl */,
				8402BBC31857556B006036BD /* WhereAmI+UISegmentControlTests */,
			);
		};
/* End PBXProject section */

/* Begin PBXResourcesBuildPhase section */
		8402BBA71857556B006036BD /* Resources */ = {
			isa = PBXResourcesBuildPhase;
			buildActionMask = 2147483647;
			files = (
				8402BBB71857556B006036BD /* InfoPlist.strings in Resources */,
				8402BBF318577A25006036BD /* Map1ViewController.xib in Resources */,
				8402BBE918575773006036BD /* WorkWindowViewController.xib in Resources */,
				8402BBBF1857556B006036BD /* Images.xcassets in Resources */,
			);
			runOnlyForDeploymentPostprocessing = 0;
		};
		8402BBC21857556B006036BD /* Resources */ = {
			isa = PBXResourcesBuildPhase;
			buildActionMask = 2147483647;
			files = (
				8402BBD01857556B006036BD /* InfoPlist.strings in Resources */,
				8402BBEA18575773006036BD /* WorkWindowViewController.xib in Resources */,
				8402BBF418577A25006036BD /* Map1ViewController.xib in Resources */,
			);
			runOnlyForDeploymentPostprocessing = 0;
		};
/* End PBXResourcesBuildPhase section */

/* Begin PBXSourcesBuildPhase section */
		8402BBA51857556B006036BD /* Sources */ = {
			isa = PBXSourcesBuildPhase;
			buildActionMask = 2147483647;
			files = (
				8402BBE718575773006036BD /* WorkWindowViewController.m in Sources */,
				8402BBF118577A25006036BD /* Map1ViewController.m in Sources */,
				8402BBBD1857556B006036BD /* BDAppDelegate.m in Sources */,
				8402BBB91857556B006036BD /* main.m in Sources */,
				8402BBF718578228006036BD /* MapPoint.m in Sources */,
			);
			runOnlyForDeploymentPostprocessing = 0;
		};
		8402BBC01857556B006036BD /* Sources */ = {
			isa = PBXSourcesBuildPhase;
			buildActionMask = 2147483647;
			files = (
				8402BBD21857556B006036BD /* WhereAmI_UISegmentControlTests.m in Sources */,
				8402BBF818578228006036BD /* MapPoint.m in Sources */,
				8402BBE818575773006036BD /* WorkWindowViewController.m in Sources */,
				8402BBF218577A25006036BD /* Map1ViewController.m in Sources */,
			);
			runOnlyForDeploymentPostprocessing = 0;
		};
/* End PBXSourcesBuildPhase section */

/* Begin PBXTargetDependency section */
		8402BBCA1857556B006036BD /* PBXTargetDependency */ = {
			isa = PBXTargetDependency;
			target = 8402BBA81857556B006036BD /* WhereAmI+UISegmentControl */;
			targetProxy = 8402BBC91857556B006036BD /* PBXContainerItemProxy */;
		};
/* End PBXTargetDependency section */

/* Begin PBXVariantGroup section */
		8402BBB51857556B006036BD /* InfoPlist.strings */ = {
			isa = PBXVariantGroup;
			children = (
				8402BBB61857556B006036BD /* en */,
			);
			name = InfoPlist.strings;
			sourceTree = "<group>";
		};
		8402BBCE1857556B006036BD /* InfoPlist.strings */ = {
			isa = PBXVariantGroup;
			children = (
				8402BBCF1857556B006036BD /* en */,
			);
			name = InfoPlist.strings;
			sourceTree = "<group>";
		};
/* End PBXVariantGroup section */

/* Begin XCBuildConfiguration section */
		8402BBD31857556B006036BD /* Debug */ = {
			isa = XCBuildConfiguration;
			buildSettings = {
				ALWAYS_SEARCH_USER_PATHS = NO;
				ARCHS = "$(ARCHS_STANDARD_INCLUDING_64_BIT)";
				CLANG_CXX_LANGUAGE_STANDARD = "gnu++0x";
				CLANG_CXX_LIBRARY = "libc++";
				CLANG_ENABLE_MODULES = YES;
				CLANG_ENABLE_OBJC_ARC = YES;
				CLANG_WARN_BOOL_CONVERSION = YES;
				CLANG_WARN_CONSTANT_CONVERSION = YES;
				CLANG_WARN_DIRECT_OBJC_ISA_USAGE = YES_ERROR;
				CLANG_WARN_EMPTY_BODY = YES;
				CLANG_WARN_ENUM_CONVERSION = YES;
				CLANG_WARN_INT_CONVERSION = YES;
				CLANG_WARN_OBJC_ROOT_CLASS = YES_ERROR;
				CLANG_WARN__DUPLICATE_METHOD_MATCH = YES;
				"CODE_SIGN_IDENTITY[sdk=iphoneos*]" = "iPhone Developer";
				COPY_PHASE_STRIP = NO;
				GCC_C_LANGUAGE_STANDARD = gnu99;
				GCC_DYNAMIC_NO_PIC = NO;
				GCC_OPTIMIZATION_LEVEL = 0;
				GCC_PREPROCESSOR_DEFINITIONS = (
					"DEBUG=1",
					"$(inherited)",
				);
				GCC_SYMBOLS_PRIVATE_EXTERN = NO;
				GCC_WARN_64_TO_32_BIT_CONVERSION = YES;
				GCC_WARN_ABOUT_RETURN_TYPE = YES_ERROR;
				GCC_WARN_UNDECLARED_SELECTOR = YES;
				GCC_WARN_UNINITIALIZED_AUTOS = YES;
				GCC_WARN_UNUSED_FUNCTION = YES;
				GCC_WARN_UNUSED_VARIABLE = YES;
				IPHONEOS_DEPLOYMENT_TARGET = 7.0;
				ONLY_ACTIVE_ARCH = YES;
				SDKROOT = iphoneos;
			};
			name = Debug;
		};
		8402BBD41857556B006036BD /* Release */ = {
			isa = XCBuildConfiguration;
			buildSettings = {
				ALWAYS_SEARCH_USER_PATHS = NO;
				ARCHS = "$(ARCHS_STANDARD_INCLUDING_64_BIT)";
				CLANG_CXX_LANGUAGE_STANDARD = "gnu++0x";
				CLANG_CXX_LIBRARY = "libc++";
				CLANG_ENABLE_MODULES = YES;
				CLANG_ENABLE_OBJC_ARC = YES;
				CLANG_WARN_BOOL_CONVERSION = YES;
				CLANG_WARN_CONSTANT_CONVERSION = YES;
				CLANG_WARN_DIRECT_OBJC_ISA_USAGE = YES_ERROR;
				CLANG_WARN_EMPTY_BODY = YES;
				CLANG_WARN_ENUM_CONVERSION = YES;
				CLANG_WARN_INT_CONVERSION = YES;
				CLANG_WARN_OBJC_ROOT_CLASS = YES_ERROR;
				CLANG_WARN__DUPLICATE_METHOD_MATCH = YES;
				"CODE_SIGN_IDENTITY[sdk=iphoneos*]" = "iPhone Developer";
				COPY_PHASE_STRIP = YES;
				ENABLE_NS_ASSERTIONS = NO;
				GCC_C_LANGUAGE_STANDARD = gnu99;
				GCC_WARN_64_TO_32_BIT_CONVERSION = YES;
				GCC_WARN_ABOUT_RETURN_TYPE = YES_ERROR;
				GCC_WARN_UNDECLARED_SELECTOR = YES;
				GCC_WARN_UNINITIALIZED_AUTOS = YES;
				GCC_WARN_UNUSED_FUNCTION = YES;
				GCC_WARN_UNUSED_VARIABLE = YES;
				IPHONEOS_DEPLOYMENT_TARGET = 7.0;
				SDKROOT = iphoneos;
				VALIDATE_PRODUCT = YES;
			};
			name = Release;
		};
		8402BBD61857556B006036BD /* Debug */ = {
			isa = XCBuildConfiguration;
			buildSettings = {
				ASSETCATALOG_COMPILER_APPICON_NAME = AppIcon;
				ASSETCATALOG_COMPILER_LAUNCHIMAGE_NAME = LaunchImage;
				GCC_PRECOMPILE_PREFIX_HEADER = YES;
				GCC_PREFIX_HEADER = "WhereAmI+UISegmentControl/WhereAmI+UISegmentControl-Prefix.pch";
				INFOPLIST_FILE = "WhereAmI+UISegmentControl/WhereAmI+UISegmentControl-Info.plist";
				PRODUCT_NAME = "$(TARGET_NAME)";
				WRAPPER_EXTENSION = app;
			};
			name = Debug;
		};
		8402BBD71857556B006036BD /* Release */ = {
			isa = XCBuildConfiguration;
			buildSettings = {
				ASSETCATALOG_COMPILER_APPICON_NAME = AppIcon;
				ASSETCATALOG_COMPILER_LAUNCHIMAGE_NAME = LaunchImage;
				GCC_PRECOMPILE_PREFIX_HEADER = YES;
				GCC_PREFIX_HEADER = "WhereAmI+UISegmentControl/WhereAmI+UISegmentControl-Prefix.pch";
				INFOPLIST_FILE = "WhereAmI+UISegmentControl/WhereAmI+UISegmentControl-Info.plist";
				PRODUCT_NAME = "$(TARGET_NAME)";
				WRAPPER_EXTENSION = app;
			};
			name = Release;
		};
		8402BBD91857556B006036BD /* Debug */ = {
			isa = XCBuildConfiguration;
			buildSettings = {
				ARCHS = "$(ARCHS_STANDARD_INCLUDING_64_BIT)";
				BUNDLE_LOADER = "$(BUILT_PRODUCTS_DIR)/WhereAmI+UISegmentControl.app/WhereAmI+UISegmentControl";
				FRAMEWORK_SEARCH_PATHS = (
					"$(SDKROOT)/Developer/Library/Frameworks",
					"$(inherited)",
					"$(DEVELOPER_FRAMEWORKS_DIR)",
				);
				GCC_PRECOMPILE_PREFIX_HEADER = YES;
				GCC_PREFIX_HEADER = "WhereAmI+UISegmentControl/WhereAmI+UISegmentControl-Prefix.pch";
				GCC_PREPROCESSOR_DEFINITIONS = (
					"DEBUG=1",
					"$(inherited)",
				);
				INFOPLIST_FILE = "WhereAmI+UISegmentControlTests/WhereAmI+UISegmentControlTests-Info.plist";
				PRODUCT_NAME = "$(TARGET_NAME)";
				TEST_HOST = "$(BUNDLE_LOADER)";
				WRAPPER_EXTENSION = xctest;
			};
			name = Debug;
		};
		8402BBDA1857556B006036BD /* Release */ = {
			isa = XCBuildConfiguration;
			buildSettings = {
				ARCHS = "$(ARCHS_STANDARD_INCLUDING_64_BIT)";
				BUNDLE_LOADER = "$(BUILT_PRODUCTS_DIR)/WhereAmI+UISegmentControl.app/WhereAmI+UISegmentControl";
				FRAMEWORK_SEARCH_PATHS = (
					"$(SDKROOT)/Developer/Library/Frameworks",
					"$(inherited)",
					"$(DEVELOPER_FRAMEWORKS_DIR)",
				);
				GCC_PRECOMPILE_PREFIX_HEADER = YES;
				GCC_PREFIX_HEADER = "WhereAmI+UISegmentControl/WhereAmI+UISegmentControl-Prefix.pch";
				INFOPLIST_FILE = "WhereAmI+UISegmentControlTests/WhereAmI+UISegmentControlTests-Info.plist";
				PRODUCT_NAME = "$(TARGET_NAME)";
				TEST_HOST = "$(BUNDLE_LOADER)";
				WRAPPER_EXTENSION = xctest;
			};
			name = Release;
		};
/* End XCBuildConfiguration section */

/* Begin XCConfigurationList section */
		8402BBA41857556B006036BD /* Build configuration list for PBXProject "WhereAmI+UISegmentControl" */ = {
			isa = XCConfigurationList;
			buildConfigurations = (
				8402BBD31857556B006036BD /* Debug */,
				8402BBD41857556B006036BD /* Release */,
			);
			defaultConfigurationIsVisible = 0;
			defaultConfigurationName = Release;
		};
		8402BBD51857556B006036BD /* Build configuration list for PBXNativeTarget "WhereAmI+UISegmentControl" */ = {
			isa = XCConfigurationList;
			buildConfigurations = (
				8402BBD61857556B006036BD /* Debug */,
				8402BBD71857556B006036BD /* Release */,
			);
			defaultConfigurationIsVisible = 0;
			defaultConfigurationName = Release;
		};
		8402BBD81857556B006036BD /* Build configuration list for PBXNativeTarget "WhereAmI+UISegmentControlTests" */ = {
			isa = XCConfigurationList;
			buildConfigurations = (
				8402BBD91857556B006036BD /* Debug */,
				8402BBDA1857556B006036BD /* Release */,
			);
			defaultConfigurationIsVisible = 0;
			defaultConfigurationName = Release;
		};
/* End XCConfigurationList section */
	};
	rootObject = 8402BBA11857556B006036BD /* Project object */;
}
